<?xml version="1.0" encoding="utf-8"?>
<Project ToolsVersion="4.0" xmlns="http://schemas.microsoft.com/developer/msbuild/2003">
  <ItemGroup>
    <Filter Include="Source Files">
      <UniqueIdentifier>{4FC737F1-C7A5-4376-A066-2A32D752A2FF}</UniqueIdentifier>
      <Extensions>cpp;c;cc;cxx;c++;cppm;ixx;def;odl;idl;hpj;bat;asm;asmx</Extensions>
    </Filter>
    <Filter Include="Header Files">
      <UniqueIdentifier>{93995380-89BD-4b04-88EB-625FBE52EBFB}</UniqueIdentifier>
      <Extensions>h;hh;hpp;hxx;h++;hm;inl;inc;ipp;xsd</Extensions>
    </Filter>
    <Filter Include="Resource Files">
      <UniqueIdentifier>{67DA6AB6-F800-4c08-8B7A-83BB121AAD01}</UniqueIdentifier>
      <Extensions>rc;ico;cur;bmp;dlg;rc2;rct;bin;rgs;gif;jpg;jpeg;jpe;resx;tiff;tif;png;wav;mfcribbon-ms</Extensions>
    </Filter>
    <Filter Include="Third Party">
      <UniqueIdentifier>{af5d15ce-ddad-489f-8a06-191071838e34}</UniqueIdentifier>
    </Filter>
    <Filter Include="Third Party\ImGui">
      <UniqueIdentifier>{131cde27-c2f2-4dff-8b75-ac36b6720567}</UniqueIdentifier>
    </Filter>
    <Filter Include="Third Party\Kiero">
      <UniqueIdentifier>{91d13ebd-3312-4e5a-baf1-3982640cc34d}</UniqueIdentifier>
    </Filter>
    <Filter Include="Third Party\MinHook">
      <UniqueIdentifier>{5d31de56-9bd7-4edd-8ef6-4f4c25171bb3}</UniqueIdentifier>
    </Filter>
  </ItemGroup>
  <ItemGroup>
    <ClCompile Include="dllmain.cpp">
      <Filter>Source Files</Filter>
    </ClCompile>
    <ClCompile Include="Third Party\ImGui\imgui.cpp">
      <Filter>Third Party\ImGui</Filter>
    </ClCompile>
    <ClCompile Include="Third Party\ImGui\imgui_draw.cpp">
      <Filter>Third Party\ImGui</Filter>
    </ClCompile>
    <ClCompile Include="Third Party\ImGui\imgui_impl_dx11.cpp">
      <Filter>Third Party\ImGui</Filter>
    </ClCompile>
    <ClCompile Include="Third Party\ImGui\imgui_impl_win32.cpp">
      <Filter>Third Party\ImGui</Filter>
    </ClCompile>
    <ClCompile Include="Third Party\ImGui\imgui_widgets.cpp">
      <Filter>Third Party\ImGui</Filter>
    </ClCompile>
    <ClCompile Include="Third Party\Kiero\kiero.cpp">
      <Filter>Third Party\Kiero</Filter>
    </ClCompile>
  </ItemGroup>
  <ItemGroup>
    <ClInclude Include="Third Party\ImGui\imconfig.h">
      <Filter>Header Files</Filter>
    </ClInclude>
    <ClInclude Include="Third Party\ImGui\imfilebrowser.h">
      <Filter>Header Files</Filter>
    </ClInclude>
    <ClInclude Include="Third Party\ImGui\imgui.h">
      <Filter>Header Files</Filter>
    </ClInclude>
    <ClInclude Include="Third Party\ImGui\imgui_impl_dx11.h">
      <Filter>Header Files</Filter>
    </ClInclude>
    <ClInclude Include="Third Party\ImGui\imgui_impl_win32.h">
      <Filter>Header Files</Filter>
    </ClInclude>
    <ClInclude Include="Third Party\ImGui\imgui_internal.h">
      <Filter>Header Files</Filter>
    </ClInclude>
    <ClInclude Include="Third Party\ImGui\imstb_rectpack.h">
      <Filter>Header Files</Filter>
    </ClInclude>
    <ClInclude Include="Third Party\ImGui\imstb_textedit.h">
      <Filter>Header Files</Filter>
    </ClInclude>
    <ClInclude Include="Third Party\ImGui\imstb_truetype.h">
      <Filter>Header Files</Filter>
    </ClInclude>
    <ClInclude Include="Third Party\Kiero\kiero.h">
      <Filter>Header Files</Filter>
    </ClInclude>
    <ClInclude Include="Third Party\MinHook\MinHook.h">
      <Filter>Header Files</Filter>
    </ClInclude>
    <ClInclude Include="gui.h">
      <Filter>Header Files</Filter>
    </ClInclude>
    <ClInclude Include="options.h">
      <Filter>Header Files</Filter>
    </ClInclude>
    <ClInclude Include="Util\helper.h">
      <Filter>Header Files</Filter>
    </ClInclude>
    <ClInclude Include="UE4\finder.h">
      <Filter>Header Files</Filter>
    </ClInclude>
    <ClInclude Include="UE4\ue4.h">
      <Filter>Header Files</Filter>
    </ClInclude>
    <ClInclude Include="UE4\structs.h">
      <Filter>Header Files</Filter>
    </ClInclude>
    <ClInclude Include="UE4\enums.h">
      <Filter>Header Files</Filter>
    </ClInclude>
    <ClInclude Include="Third Party\xorstr.hpp">
      <Filter>Header Files</Filter>
    </ClInclude>
    <ClInclude Include="main.h">
      <Filter>Header Files</Filter>
    </ClInclude>
    <ClInclude Include="curldefs.h">
      <Filter>Header Files</Filter>
    </ClInclude>
    <ClInclude Include="mem.h">
      <Filter>Header Files</Filter>
    </ClInclude>
    <ClInclude Include="Util\log.h">
      <Filter>Header Files</Filter>
    </ClInclude>
    <ClInclude Include="detours.h">
      <Filter>Header Files</Filter>
    </ClInclude>
    <ClInclude Include="Util\util.h">
      <Filter>Header Files</Filter>
    </ClInclude>
  </ItemGroup>
  <ItemGroup>
    <Library Include="Third Party\MinHook\minhook.lib">
      <Filter>Third Party\MinHook</Filter>
    </Library>
  </ItemGroup>
</Project>